<?xml version="1.0" encoding="utf-8"?>
<Project ToolsVersion="4.0" xmlns="http://schemas.microsoft.com/developer/msbuild/2003">
  <ItemGroup>
    <Filter Include="Resource Files">
      <UniqueIdentifier>{D9D6E242-F8AF-46E4-B9FD-80ECBC20BA3E}</UniqueIdentifier>
      <Extensions>qrc;*</Extensions>
      <ParseFiles>false</ParseFiles>
    </Filter>
    <Filter Include="render">
      <UniqueIdentifier>{080243da-f23b-4b86-8d59-62fa37a9a675}</UniqueIdentifier>
    </Filter>
    <Filter Include="gui">
      <UniqueIdentifier>{8cb79a00-ff3b-4bdc-9b58-4deba89f5e17}</UniqueIdentifier>
    </Filter>
    <Filter Include="Header Files">
      <UniqueIdentifier>{93995380-89BD-4b04-88EB-625FBE52EBFB}</UniqueIdentifier>
      <Extensions>h;hh;hpp;hxx;hm;inl;inc;xsd</Extensions>
      <ParseFiles>true</ParseFiles>
    </Filter>
    <Filter Include="Source Files">
      <UniqueIdentifier>{4FC737F1-C7A5-4376-A066-2A32D752A2FF}</UniqueIdentifier>
      <Extensions>cpp;c;cc;cxx;def;odl;idl;hpj;bat;asm;asmx</Extensions>
      <ParseFiles>true</ParseFiles>
    </Filter>
  </ItemGroup>
  <ItemGroup>
    <ClCompile Include="Render.cpp">
      <Filter>render</Filter>
    </ClCompile>
    <ClCompile Include="QtWidgetsClass.cpp">
      <Filter>gui</Filter>
    </ClCompile>
    <ClCompile Include="GLWidget.cpp">
      <Filter>gui</Filter>
    </ClCompile>
    <ClCompile Include="main.cpp">
      <Filter>gui</Filter>
    </ClCompile>
    <ClCompile Include="Model.cpp">
      <Filter>render</Filter>
    </ClCompile>
    <ClCompile Include="..\..\glad\src\glad.c">
      <Filter>Source Files</Filter>
    </ClCompile>
  </ItemGroup>
  <ItemGroup>
    <QtMoc Include="GLWidget.h">
      <Filter>gui</Filter>
    </QtMoc>
    <QtMoc Include="QtWidgetsClass.h">
      <Filter>gui</Filter>
    </QtMoc>
  </ItemGroup>
  <ItemGroup>
    <ClInclude Include="Render.h">
      <Filter>render</Filter>
    </ClInclude>
    <ClInclude Include="Model.h">
      <Filter>render</Filter>
    </ClInclude>
    <ClInclude Include="stb_image.h">
      <Filter>Header Files</Filter>
    </ClInclude>
  </ItemGroup>
  <ItemGroup>
    <None Include="shader.v">
      <Filter>render</Filter>
    </None>
    <None Include="shader.f">
      <Filter>render</Filter>
    </None>
    <None Include="shader_light.f">
      <Filter>render</Filter>
    </None>
  </ItemGroup>
  <ItemGroup>
    <QtUic Include="QtWidgetsClass.ui">
      <Filter>gui</Filter>
    </QtUic>
  </ItemGroup>
</Project>