<?xml version="1.0" encoding="utf-8"?>
<Project ToolsVersion="4.0" xmlns="http://schemas.microsoft.com/developer/msbuild/2003">
  <ItemGroup>
    <Filter Include="render">
      <UniqueIdentifier>{080243da-f23b-4b86-8d59-62fa37a9a675}</UniqueIdentifier>
    </Filter>
    <Filter Include="gui">
      <UniqueIdentifier>{8cb79a00-ff3b-4bdc-9b58-4deba89f5e17}</UniqueIdentifier>
    </Filter>
    <Filter Include="deps">
      <UniqueIdentifier>{175f4973-b35d-49ab-bc2c-2d1310b192af}</UniqueIdentifier>
    </Filter>
    <Filter Include="render\shader">
      <UniqueIdentifier>{82cfa7d9-bcd7-4908-97ff-6def781542d8}</UniqueIdentifier>
    </Filter>
    <Filter Include="media">
      <UniqueIdentifier>{202e2ea6-722f-4c5d-9ceb-6f9e1a3750a4}</UniqueIdentifier>
    </Filter>
  </ItemGroup>
  <ItemGroup>
    <ClCompile Include="..\deps\glad\src\glad.c">
      <Filter>deps</Filter>
    </ClCompile>
    <ClCompile Include="src\gui\GLWidget.cpp">
      <Filter>gui</Filter>
    </ClCompile>
    <ClCompile Include="src\gui\main.cpp">
      <Filter>gui</Filter>
    </ClCompile>
    <ClCompile Include="src\gui\QtWidgetsClass.cpp">
      <Filter>gui</Filter>
    </ClCompile>
    <ClCompile Include="src\media\RTMPInput.cpp">
      <Filter>media</Filter>
    </ClCompile>
    <ClCompile Include="src\render\AVStreamRender.cpp">
      <Filter>render</Filter>
    </ClCompile>
    <ClCompile Include="src\render\Model.cpp">
      <Filter>render</Filter>
    </ClCompile>
    <ClCompile Include="src\render\Render.cpp">
      <Filter>render</Filter>
    </ClCompile>
  </ItemGroup>
  <ItemGroup>
    <ClInclude Include="src\media\RTMPInput.h">
      <Filter>media</Filter>
    </ClInclude>
    <ClInclude Include="src\render\AVStreamRender.h">
      <Filter>render</Filter>
    </ClInclude>
    <ClInclude Include="src\render\Model.h">
      <Filter>render</Filter>
    </ClInclude>
    <ClInclude Include="src\render\Render.h">
      <Filter>render</Filter>
    </ClInclude>
  </ItemGroup>
  <ItemGroup>
    <None Include="shader\item.fs">
      <Filter>render\shader</Filter>
    </None>
    <None Include="shader\item.vs">
      <Filter>render\shader</Filter>
    </None>
    <None Include="shader\light.fs">
      <Filter>render\shader</Filter>
    </None>
    <None Include="shader\stream.fs">
      <Filter>render\shader</Filter>
    </None>
    <None Include="shader\stream.vs">
      <Filter>render\shader</Filter>
    </None>
  </ItemGroup>
  <ItemGroup>
    <QtMoc Include="src\gui\GLWidget.h">
      <Filter>gui</Filter>
    </QtMoc>
    <QtMoc Include="src\gui\QtWidgetsClass.h">
      <Filter>gui</Filter>
    </QtMoc>
  </ItemGroup>
  <ItemGroup>
    <QtUic Include="src\gui\QtWidgetsClass.ui">
      <Filter>gui</Filter>
    </QtUic>
  </ItemGroup>
</Project>